
Microsoft Visual Studio Solution File, Format Version 12.00
# Visual Studio 15
VisualStudioVersion = 15.0.28307.2017
MinimumVisualStudioVersion = 10.0.40219.1
Project("{FAE04EC0-301F-11D3-BF4B-00C04F79EFBC}") = "MockServer", "MockServer\MockServer.csproj", "{B24ED150-3839-4ED8-B778-4AF77A3CAAD9}"
EndProject
Project("{FAE04EC0-301F-11D3-BF4B-00C04F79EFBC}") = "GlobalCoreTypes", "..\EnginePluginAndShell\GlobalCoreTypes\GlobalCoreTypes.csproj", "{E13F5B84-05B8-4E5B-97E8-AFA57FF1212A}"
EndProject
Project("{FAE04EC0-301F-11D3-BF4B-00C04F79EFBC}") = "PatchedLightJson", "..\EnginePluginAndShell\PatchedLightJson\PatchedLightJson.csproj", "{0D0290DA-0401-4BD9-B383-49DBCFC4E7B2}"
EndProject
Project("{FAE04EC0-301F-11D3-BF4B-00C04F79EFBC}") = "AssembliesAux", "..\EnginePluginAndShell\AssembliesAux\AssembliesAux.csproj", "{D5E7033B-EE1D-418A-AD44-B4A8E94FD420}"
EndProject
Project("{FAE04EC0-301F-11D3-BF4B-00C04F79EFBC}") = "CoreGrammarL", "CoreGrammarL\CoreGrammarL.csproj", "{F0FC42B9-260C-478C-AD92-EF425F99937D}"
EndProject
Project("{FAE04EC0-301F-11D3-BF4B-00C04F79EFBC}") = "UEngineMock", "UEngineMock\UEngineMock.csproj", "{2E6EA17D-E23C-4510-8EC7-41A46302F5E3}"
EndProject
Project("{FAE04EC0-301F-11D3-BF4B-00C04F79EFBC}") = "NLSPlain", "..\EnginePluginAndShell\NLSPlain\NLSPlain.csproj", "{E3BC072B-305E-4E71-9310-F6B2A5B8E69B}"
EndProject
Project("{FAE04EC0-301F-11D3-BF4B-00C04F79EFBC}") = "EngineDropInCommonL", "EngineDropInCommonL\EngineDropInCommonL.csproj", "{6ABCE7E4-A8D6-418C-92B8-42AAE890B2A1}"
EndProject
Project("{FAE04EC0-301F-11D3-BF4B-00C04F79EFBC}") = "SuggTreeL", "SuggTree\SuggTreeL.csproj", "{49EE0C96-786C-475B-97A4-AD64A454840D}"
EndProject
Project("{FAE04EC0-301F-11D3-BF4B-00C04F79EFBC}") = "ExpTypeSerializationL", "ExpTypeSerializationL\ExpTypeSerializationL.csproj", "{2E8B5EC2-3A7B-4624-8435-454D29A0D606}"
EndProject
Global
	GlobalSection(SolutionConfigurationPlatforms) = preSolution
		Debug|Any CPU = Debug|Any CPU
		Release|Any CPU = Release|Any CPU
	EndGlobalSection
	GlobalSection(ProjectConfigurationPlatforms) = postSolution
		{B24ED150-3839-4ED8-B778-4AF77A3CAAD9}.Debug|Any CPU.ActiveCfg = Debug|Any CPU
		{B24ED150-3839-4ED8-B778-4AF77A3CAAD9}.Debug|Any CPU.Build.0 = Debug|Any CPU
		{B24ED150-3839-4ED8-B778-4AF77A3CAAD9}.Release|Any CPU.ActiveCfg = Release|Any CPU
		{B24ED150-3839-4ED8-B778-4AF77A3CAAD9}.Release|Any CPU.Build.0 = Release|Any CPU
		{E13F5B84-05B8-4E5B-97E8-AFA57FF1212A}.Debug|Any CPU.ActiveCfg = Debug|Any CPU
		{E13F5B84-05B8-4E5B-97E8-AFA57FF1212A}.Debug|Any CPU.Build.0 = Debug|Any CPU
		{E13F5B84-05B8-4E5B-97E8-AFA57FF1212A}.Release|Any CPU.ActiveCfg = Release|Any CPU
		{E13F5B84-05B8-4E5B-97E8-AFA57FF1212A}.Release|Any CPU.Build.0 = Release|Any CPU
		{0D0290DA-0401-4BD9-B383-49DBCFC4E7B2}.Debug|Any CPU.ActiveCfg = Debug|Any CPU
		{0D0290DA-0401-4BD9-B383-49DBCFC4E7B2}.Debug|Any CPU.Build.0 = Debug|Any CPU
		{0D0290DA-0401-4BD9-B383-49DBCFC4E7B2}.Release|Any CPU.ActiveCfg = Release|Any CPU
		{0D0290DA-0401-4BD9-B383-49DBCFC4E7B2}.Release|Any CPU.Build.0 = Release|Any CPU
		{D5E7033B-EE1D-418A-AD44-B4A8E94FD420}.Debug|Any CPU.ActiveCfg = Debug|Any CPU
		{D5E7033B-EE1D-418A-AD44-B4A8E94FD420}.Debug|Any CPU.Build.0 = Debug|Any CPU
		{D5E7033B-EE1D-418A-AD44-B4A8E94FD420}.Release|Any CPU.ActiveCfg = Release|Any CPU
		{D5E7033B-EE1D-418A-AD44-B4A8E94FD420}.Release|Any CPU.Build.0 = Release|Any CPU
		{F0FC42B9-260C-478C-AD92-EF425F99937D}.Debug|Any CPU.ActiveCfg = Debug|Any CPU
		{F0FC42B9-260C-478C-AD92-EF425F99937D}.Debug|Any CPU.Build.0 = Debug|Any CPU
		{F0FC42B9-260C-478C-AD92-EF425F99937D}.Release|Any CPU.ActiveCfg = Release|Any CPU
		{F0FC42B9-260C-478C-AD92-EF425F99937D}.Release|Any CPU.Build.0 = Release|Any CPU
		{2E6EA17D-E23C-4510-8EC7-41A46302F5E3}.Debug|Any CPU.ActiveCfg = Debug|Any CPU
		{2E6EA17D-E23C-4510-8EC7-41A46302F5E3}.Debug|Any CPU.Build.0 = Debug|Any CPU
		{2E6EA17D-E23C-4510-8EC7-41A46302F5E3}.Release|Any CPU.ActiveCfg = Release|Any CPU
		{2E6EA17D-E23C-4510-8EC7-41A46302F5E3}.Release|Any CPU.Build.0 = Release|Any CPU
		{E3BC072B-305E-4E71-9310-F6B2A5B8E69B}.Debug|Any CPU.ActiveCfg = Debug|Any CPU
		{E3BC072B-305E-4E71-9310-F6B2A5B8E69B}.Debug|Any CPU.Build.0 = Debug|Any CPU
		{E3BC072B-305E-4E71-9310-F6B2A5B8E69B}.Release|Any CPU.ActiveCfg = Release|Any CPU
		{E3BC072B-305E-4E71-9310-F6B2A5B8E69B}.Release|Any CPU.Build.0 = Release|Any CPU
		{6ABCE7E4-A8D6-418C-92B8-42AAE890B2A1}.Debug|Any CPU.ActiveCfg = Debug|Any CPU
		{6ABCE7E4-A8D6-418C-92B8-42AAE890B2A1}.Debug|Any CPU.Build.0 = Debug|Any CPU
		{6ABCE7E4-A8D6-418C-92B8-42AAE890B2A1}.Release|Any CPU.ActiveCfg = Release|Any CPU
		{6ABCE7E4-A8D6-418C-92B8-42AAE890B2A1}.Release|Any CPU.Build.0 = Release|Any CPU
		{49EE0C96-786C-475B-97A4-AD64A454840D}.Debug|Any CPU.ActiveCfg = Debug|Any CPU
		{49EE0C96-786C-475B-97A4-AD64A454840D}.Debug|Any CPU.Build.0 = Debug|Any CPU
		{49EE0C96-786C-475B-97A4-AD64A454840D}.Release|Any CPU.ActiveCfg = Release|Any CPU
		{49EE0C96-786C-475B-97A4-AD64A454840D}.Release|Any CPU.Build.0 = Release|Any CPU
		{2E8B5EC2-3A7B-4624-8435-454D29A0D606}.Debug|Any CPU.ActiveCfg = Debug|Any CPU
		{2E8B5EC2-3A7B-4624-8435-454D29A0D606}.Debug|Any CPU.Build.0 = Debug|Any CPU
		{2E8B5EC2-3A7B-4624-8435-454D29A0D606}.Release|Any CPU.ActiveCfg = Release|Any CPU
		{2E8B5EC2-3A7B-4624-8435-454D29A0D606}.Release|Any CPU.Build.0 = Release|Any CPU
	EndGlobalSection
	GlobalSection(SolutionProperties) = preSolution
		HideSolutionNode = FALSE
	EndGlobalSection
	GlobalSection(ExtensibilityGlobals) = postSolution
		SolutionGuid = {52C8A497-B456-4D41-B559-80BAA659DDA9}
	EndGlobalSection
EndGlobal
